
Microsoft Visual Studio Solution File, Format Version 12.00
# Visual Studio Version 17
VisualStudioVersion = 17.8.34322.80
MinimumVisualStudioVersion = 10.0.40219.1
Project("{888888A0-9F3D-457C-B088-3A5042F75D52}") = "PythonTutorial", "PythonTutorial.pyproj", "{F8550D45-DAD6-4D95-A774-7246DCBF5CF3}"
EndProject
Global
	GlobalSection(SolutionConfigurationPlatforms) = preSolution
		Debug|Any CPU = Debug|Any CPU
		Release|Any CPU = Release|Any CPU
	EndGlobalSection
	GlobalSection(ProjectConfigurationPlatforms) = postSolution
		{F8550D45-DAD6-4D95-A774-7246DCBF5CF3}.Debug|Any CPU.ActiveCfg = Debug|Any CPU
		{F8550D45-DAD6-4D95-A774-7246DCBF5CF3}.Release|Any CPU.ActiveCfg = Release|Any CPU
	EndGlobalSection
	GlobalSection(SolutionProperties) = preSolution
		HideSolutionNode = FALSE
	EndGlobalSection
	GlobalSection(ExtensibilityGlobals) = postSolution
		SolutionGuid = {F6156D86-497D-48BF-98AE-039DC23D289A}
	EndGlobalSection
EndGlobal
